
Microsoft Visual Studio Solution File, Format Version 11.00
# Visual Studio 2010
Project("{FAE04EC0-301F-11D3-BF4B-00C04F79EFBC}") = "AccountAtAGlance", "AccountAtAGlance\AccountAtAGlance.csproj", "{CD097785-454D-4517-9471-3EFF0D20FF29}"
EndProject
Project("{FAE04EC0-301F-11D3-BF4B-00C04F79EFBC}") = "AccountAtAGlance.Model", "AccountAtAGlance.Model\AccountAtAGlance.Model.csproj", "{341079FC-EDCB-4C60-B0AB-4E693B10C1F7}"
EndProject
Project("{FAE04EC0-301F-11D3-BF4B-00C04F79EFBC}") = "AccountAtAGlance.Repository", "AccountAtAGlance.Repository\AccountAtAGlance.Repository.csproj", "{187CE903-46BC-4C14-91EC-16B756824414}"
EndProject
Global
	GlobalSection(SolutionConfigurationPlatforms) = preSolution
		Debug|Any CPU = Debug|Any CPU
		Release|Any CPU = Release|Any CPU
	EndGlobalSection
	GlobalSection(ProjectConfigurationPlatforms) = postSolution
		{CD097785-454D-4517-9471-3EFF0D20FF29}.Debug|Any CPU.ActiveCfg = Debug|Any CPU
		{CD097785-454D-4517-9471-3EFF0D20FF29}.Debug|Any CPU.Build.0 = Debug|Any CPU
		{CD097785-454D-4517-9471-3EFF0D20FF29}.Release|Any CPU.ActiveCfg = Release|Any CPU
		{CD097785-454D-4517-9471-3EFF0D20FF29}.Release|Any CPU.Build.0 = Release|Any CPU
		{341079FC-EDCB-4C60-B0AB-4E693B10C1F7}.Debug|Any CPU.ActiveCfg = Debug|Any CPU
		{341079FC-EDCB-4C60-B0AB-4E693B10C1F7}.Debug|Any CPU.Build.0 = Debug|Any CPU
		{341079FC-EDCB-4C60-B0AB-4E693B10C1F7}.Release|Any CPU.ActiveCfg = Release|Any CPU
		{341079FC-EDCB-4C60-B0AB-4E693B10C1F7}.Release|Any CPU.Build.0 = Release|Any CPU
		{187CE903-46BC-4C14-91EC-16B756824414}.Debug|Any CPU.ActiveCfg = Debug|Any CPU
		{187CE903-46BC-4C14-91EC-16B756824414}.Debug|Any CPU.Build.0 = Debug|Any CPU
		{187CE903-46BC-4C14-91EC-16B756824414}.Release|Any CPU.ActiveCfg = Release|Any CPU
		{187CE903-46BC-4C14-91EC-16B756824414}.Release|Any CPU.Build.0 = Release|Any CPU
	EndGlobalSection
	GlobalSection(SolutionProperties) = preSolution
		HideSolutionNode = FALSE
	EndGlobalSection
EndGlobal
